// !$*UTF8*$!
{
	archiveVersion = 1;
	classes = {
	};
	objectVersion = 50;
	objects = {

/* Begin PBXBuildFile section */
		9291A20426EB9FD3000FB05B /* User.swift in Sources */ = {isa = PBXBuildFile; fileRef = 9291A20326EB9FD3000FB05B /* User.swift */; };
		9291A20626EBDEDD000FB05B /* AboutMeViewController.swift in Sources */ = {isa = PBXBuildFile; fileRef = 9291A20526EBDEDD000FB05B /* AboutMeViewController.swift */; };
		92EC23C926E7CE8200939495 /* AppDelegate.swift in Sources */ = {isa = PBXBuildFile; fileRef = 92EC23C826E7CE8200939495 /* AppDelegate.swift */; };
		92EC23CB26E7CE8200939495 /* SceneDelegate.swift in Sources */ = {isa = PBXBuildFile; fileRef = 92EC23CA26E7CE8200939495 /* SceneDelegate.swift */; };
		92EC23CD26E7CE8200939495 /* LoginViewController.swift in Sources */ = {isa = PBXBuildFile; fileRef = 92EC23CC26E7CE8200939495 /* LoginViewController.swift */; };
		92EC23D026E7CE8200939495 /* Main.storyboard in Resources */ = {isa = PBXBuildFile; fileRef = 92EC23CE26E7CE8200939495 /* Main.storyboard */; };
		92EC23D226E7CE8500939495 /* Assets.xcassets in Resources */ = {isa = PBXBuildFile; fileRef = 92EC23D126E7CE8500939495 /* Assets.xcassets */; };
		92EC23D526E7CE8500939495 /* LaunchScreen.storyboard in Resources */ = {isa = PBXBuildFile; fileRef = 92EC23D326E7CE8500939495 /* LaunchScreen.storyboard */; };
		92EC23DD26E7DC6100939495 /* WelcomeViewController.swift in Sources */ = {isa = PBXBuildFile; fileRef = 92EC23DC26E7DC6100939495 /* WelcomeViewController.swift */; };
/* End PBXBuildFile section */

/* Begin PBXFileReference section */
		9291A20326EB9FD3000FB05B /* User.swift */ = {isa = PBXFileReference; lastKnownFileType = sourcecode.swift; path = User.swift; sourceTree = "<group>"; };
		9291A20526EBDEDD000FB05B /* AboutMeViewController.swift */ = {isa = PBXFileReference; lastKnownFileType = sourcecode.swift; path = AboutMeViewController.swift; sourceTree = "<group>"; };
		92EC23C526E7CE8200939495 /* LoginApp.app */ = {isa = PBXFileReference; explicitFileType = wrapper.application; includeInIndex = 0; path = LoginApp.app; sourceTree = BUILT_PRODUCTS_DIR; };
		92EC23C826E7CE8200939495 /* AppDelegate.swift */ = {isa = PBXFileReference; lastKnownFileType = sourcecode.swift; path = AppDelegate.swift; sourceTree = "<group>"; };
		92EC23CA26E7CE8200939495 /* SceneDelegate.swift */ = {isa = PBXFileReference; lastKnownFileType = sourcecode.swift; path = SceneDelegate.swift; sourceTree = "<group>"; };
		92EC23CC26E7CE8200939495 /* LoginViewController.swift */ = {isa = PBXFileReference; lastKnownFileType = sourcecode.swift; path = LoginViewController.swift; sourceTree = "<group>"; };
		92EC23CF26E7CE8200939495 /* Base */ = {isa = PBXFileReference; lastKnownFileType = file.storyboard; name = Base; path = Base.lproj/Main.storyboard; sourceTree = "<group>"; };
		92EC23D126E7CE8500939495 /* Assets.xcassets */ = {isa = PBXFileReference; lastKnownFileType = folder.assetcatalog; path = Assets.xcassets; sourceTree = "<group>"; };
		92EC23D426E7CE8500939495 /* Base */ = {isa = PBXFileReference; lastKnownFileType = file.storyboard; name = Base; path = Base.lproj/LaunchScreen.storyboard; sourceTree = "<group>"; };
		92EC23D626E7CE8500939495 /* Info.plist */ = {isa = PBXFileReference; lastKnownFileType = text.plist.xml; path = Info.plist; sourceTree = "<group>"; };
		92EC23DC26E7DC6100939495 /* WelcomeViewController.swift */ = {isa = PBXFileReference; lastKnownFileType = sourcecode.swift; path = WelcomeViewController.swift; sourceTree = "<group>"; };
/* End PBXFileReference section */

/* Begin PBXFrameworksBuildPhase section */
		92EC23C226E7CE8200939495 /* Frameworks */ = {
			isa = PBXFrameworksBuildPhase;
			buildActionMask = 2147483647;
			files = (
			);
			runOnlyForDeploymentPostprocessing = 0;
		};
/* End PBXFrameworksBuildPhase section */

/* Begin PBXGroup section */
		9291A1FE26EB17EF000FB05B /* Storyboards */ = {
			isa = PBXGroup;
			children = (
				92EC23CE26E7CE8200939495 /* Main.storyboard */,
				92EC23D326E7CE8500939495 /* LaunchScreen.storyboard */,
			);
			path = Storyboards;
			sourceTree = "<group>";
		};
		9291A1FF26EB1820000FB05B /* ViewControllers */ = {
			isa = PBXGroup;
			children = (
				92EC23CC26E7CE8200939495 /* LoginViewController.swift */,
				92EC23DC26E7DC6100939495 /* WelcomeViewController.swift */,
				9291A20526EBDEDD000FB05B /* AboutMeViewController.swift */,
			);
			path = ViewControllers;
			sourceTree = "<group>";
		};
		9291A20026EB1862000FB05B /* Resources */ = {
			isa = PBXGroup;
			children = (
				92EC23D126E7CE8500939495 /* Assets.xcassets */,
			);
			path = Resources;
			sourceTree = "<group>";
		};
		9291A20126EB1878000FB05B /* App */ = {
			isa = PBXGroup;
			children = (
				92EC23C826E7CE8200939495 /* AppDelegate.swift */,
				92EC23CA26E7CE8200939495 /* SceneDelegate.swift */,
				92EC23D626E7CE8500939495 /* Info.plist */,
			);
			path = App;
			sourceTree = "<group>";
		};
		9291A20226EB188C000FB05B /* Models */ = {
			isa = PBXGroup;
			children = (
				9291A20326EB9FD3000FB05B /* User.swift */,
			);
			path = Models;
			sourceTree = "<group>";
		};
		92EC23BC26E7CE8200939495 = {
			isa = PBXGroup;
			children = (
				92EC23C726E7CE8200939495 /* LoginApp */,
				92EC23C626E7CE8200939495 /* Products */,
			);
			sourceTree = "<group>";
		};
		92EC23C626E7CE8200939495 /* Products */ = {
			isa = PBXGroup;
			children = (
				92EC23C526E7CE8200939495 /* LoginApp.app */,
			);
			name = Products;
			sourceTree = "<group>";
		};
		92EC23C726E7CE8200939495 /* LoginApp */ = {
			isa = PBXGroup;
			children = (
				9291A1FF26EB1820000FB05B /* ViewControllers */,
				9291A1FE26EB17EF000FB05B /* Storyboards */,
				9291A20226EB188C000FB05B /* Models */,
				9291A20126EB1878000FB05B /* App */,
				9291A20026EB1862000FB05B /* Resources */,
			);
			path = LoginApp;
			sourceTree = "<group>";
		};
/* End PBXGroup section */

/* Begin PBXNativeTarget section */
		92EC23C426E7CE8200939495 /* LoginApp */ = {
			isa = PBXNativeTarget;
			buildConfigurationList = 92EC23D926E7CE8500939495 /* Build configuration list for PBXNativeTarget "LoginApp" */;
			buildPhases = (
				92EC23C126E7CE8200939495 /* Sources */,
				92EC23C226E7CE8200939495 /* Frameworks */,
				92EC23C326E7CE8200939495 /* Resources */,
			);
			buildRules = (
			);
			dependencies = (
			);
			name = LoginApp;
			productName = LoginApp;
			productReference = 92EC23C526E7CE8200939495 /* LoginApp.app */;
			productType = "com.apple.product-type.application";
		};
/* End PBXNativeTarget section */

/* Begin PBXProject section */
		92EC23BD26E7CE8200939495 /* Project object */ = {
			isa = PBXProject;
			attributes = {
				LastSwiftUpdateCheck = 1250;
				LastUpgradeCheck = 1250;
				TargetAttributes = {
					92EC23C426E7CE8200939495 = {
						CreatedOnToolsVersion = 12.5.1;
					};
				};
			};
			buildConfigurationList = 92EC23C026E7CE8200939495 /* Build configuration list for PBXProject "LoginApp" */;
			compatibilityVersion = "Xcode 9.3";
			developmentRegion = en;
			hasScannedForEncodings = 0;
			knownRegions = (
				en,
				Base,
			);
			mainGroup = 92EC23BC26E7CE8200939495;
			productRefGroup = 92EC23C626E7CE8200939495 /* Products */;
			projectDirPath = "";
			projectRoot = "";
			targets = (
				92EC23C426E7CE8200939495 /* LoginApp */,
			);
		};
/* End PBXProject section */

/* Begin PBXResourcesBuildPhase section */
		92EC23C326E7CE8200939495 /* Resources */ = {
			isa = PBXResourcesBuildPhase;
			buildActionMask = 2147483647;
			files = (
				92EC23D526E7CE8500939495 /* LaunchScreen.storyboard in Resources */,
				92EC23D226E7CE8500939495 /* Assets.xcassets in Resources */,
				92EC23D026E7CE8200939495 /* Main.storyboard in Resources */,
			);
			runOnlyForDeploymentPostprocessing = 0;
		};
/* End PBXResourcesBuildPhase section */

/* Begin PBXSourcesBuildPhase section */
		92EC23C126E7CE8200939495 /* Sources */ = {
			isa = PBXSourcesBuildPhase;
			buildActionMask = 2147483647;
			files = (
				92EC23CD26E7CE8200939495 /* LoginViewController.swift in Sources */,
				92EC23DD26E7DC6100939495 /* WelcomeViewController.swift in Sources */,
				92EC23C926E7CE8200939495 /* AppDelegate.swift in Sources */,
				9291A20426EB9FD3000FB05B /* User.swift in Sources */,
				9291A20626EBDEDD000FB05B /* AboutMeViewController.swift in Sources */,
				92EC23CB26E7CE8200939495 /* SceneDelegate.swift in Sources */,
			);
			runOnlyForDeploymentPostprocessing = 0;
		};
/* End PBXSourcesBuildPhase section */

/* Begin PBXVariantGroup section */
		92EC23CE26E7CE8200939495 /* Main.storyboard */ = {
			isa = PBXVariantGroup;
			children = (
				92EC23CF26E7CE8200939495 /* Base */,
			);
			name = Main.storyboard;
			sourceTree = "<group>";
		};
		92EC23D326E7CE8500939495 /* LaunchScreen.storyboard */ = {
			isa = PBXVariantGroup;
			children = (
				92EC23D426E7CE8500939495 /* Base */,
			);
			name = LaunchScreen.storyboard;
			sourceTree = "<group>";
		};
/* End PBXVariantGroup section */

/* Begin XCBuildConfiguration section */
		92EC23D726E7CE8500939495 /* Debug */ = {
			isa = XCBuildConfiguration;
			buildSettings = {
				ALWAYS_SEARCH_USER_PATHS = NO;
				CLANG_ANALYZER_NONNULL = YES;
				CLANG_ANALYZER_NUMBER_OBJECT_CONVERSION = YES_AGGRESSIVE;
				CLANG_CXX_LANGUAGE_STANDARD = "gnu++14";
				CLANG_CXX_LIBRARY = "libc++";
				CLANG_ENABLE_MODULES = YES;
				CLANG_ENABLE_OBJC_ARC = YES;
				CLANG_ENABLE_OBJC_WEAK = YES;
				CLANG_WARN_BLOCK_CAPTURE_AUTORELEASING = YES;
				CLANG_WARN_BOOL_CONVERSION = YES;
				CLANG_WARN_COMMA = YES;
				CLANG_WARN_CONSTANT_CONVERSION = YES;
				CLANG_WARN_DEPRECATED_OBJC_IMPLEMENTATIONS = YES;
				CLANG_WARN_DIRECT_OBJC_ISA_USAGE = YES_ERROR;
				CLANG_WARN_DOCUMENTATION_COMMENTS = YES;
				CLANG_WARN_EMPTY_BODY = YES;
				CLANG_WARN_ENUM_CONVERSION = YES;
				CLANG_WARN_INFINITE_RECURSION = YES;
				CLANG_WARN_INT_CONVERSION = YES;
				CLANG_WARN_NON_LITERAL_NULL_CONVERSION = YES;
				CLANG_WARN_OBJC_IMPLICIT_RETAIN_SELF = YES;
				CLANG_WARN_OBJC_LITERAL_CONVERSION = YES;
				CLANG_WARN_OBJC_ROOT_CLASS = YES_ERROR;
				CLANG_WARN_QUOTED_INCLUDE_IN_FRAMEWORK_HEADER = YES;
				CLANG_WARN_RANGE_LOOP_ANALYSIS = YES;
				CLANG_WARN_STRICT_PROTOTYPES = YES;
				CLANG_WARN_SUSPICIOUS_MOVE = YES;
				CLANG_WARN_UNGUARDED_AVAILABILITY = YES_AGGRESSIVE;
				CLANG_WARN_UNREACHABLE_CODE = YES;
				CLANG_WARN__DUPLICATE_METHOD_MATCH = YES;
				COPY_PHASE_STRIP = NO;
				DEBUG_INFORMATION_FORMAT = dwarf;
				ENABLE_STRICT_OBJC_MSGSEND = YES;
				ENABLE_TESTABILITY = YES;
				GCC_C_LANGUAGE_STANDARD = gnu11;
				GCC_DYNAMIC_NO_PIC = NO;
				GCC_NO_COMMON_BLOCKS = YES;
				GCC_OPTIMIZATION_LEVEL = 0;
				GCC_PREPROCESSOR_DEFINITIONS = (
					"DEBUG=1",
					"$(inherited)",
				);
				GCC_WARN_64_TO_32_BIT_CONVERSION = YES;
				GCC_WARN_ABOUT_RETURN_TYPE = YES_ERROR;
				GCC_WARN_UNDECLARED_SELECTOR = YES;
				GCC_WARN_UNINITIALIZED_AUTOS = YES_AGGRESSIVE;
				GCC_WARN_UNUSED_FUNCTION = YES;
				GCC_WARN_UNUSED_VARIABLE = YES;
				IPHONEOS_DEPLOYMENT_TARGET = 14.5;
				MTL_ENABLE_DEBUG_INFO = INCLUDE_SOURCE;
				MTL_FAST_MATH = YES;
				ONLY_ACTIVE_ARCH = YES;
				SDKROOT = iphoneos;
				SWIFT_ACTIVE_COMPILATION_CONDITIONS = DEBUG;
				SWIFT_OPTIMIZATION_LEVEL = "-Onone";
			};
			name = Debug;
		};
		92EC23D826E7CE8500939495 /* Release */ = {
			isa = XCBuildConfiguration;
			buildSettings = {
				ALWAYS_SEARCH_USER_PATHS = NO;
				CLANG_ANALYZER_NONNULL = YES;
				CLANG_ANALYZER_NUMBER_OBJECT_CONVERSION = YES_AGGRESSIVE;
				CLANG_CXX_LANGUAGE_STANDARD = "gnu++14";
				CLANG_CXX_LIBRARY = "libc++";
				CLANG_ENABLE_MODULES = YES;
				CLANG_ENABLE_OBJC_ARC = YES;
				CLANG_ENABLE_OBJC_WEAK = YES;
				CLANG_WARN_BLOCK_CAPTURE_AUTORELEASING = YES;
				CLANG_WARN_BOOL_CONVERSION = YES;
				CLANG_WARN_COMMA = YES;
				CLANG_WARN_CONSTANT_CONVERSION = YES;
				CLANG_WARN_DEPRECATED_OBJC_IMPLEMENTATIONS = YES;
				CLANG_WARN_DIRECT_OBJC_ISA_USAGE = YES_ERROR;
				CLANG_WARN_DOCUMENTATION_COMMENTS = YES;
				CLANG_WARN_EMPTY_BODY = YES;
				CLANG_WARN_ENUM_CONVERSION = YES;
				CLANG_WARN_INFINITE_RECURSION = YES;
				CLANG_WARN_INT_CONVERSION = YES;
				CLANG_WARN_NON_LITERAL_NULL_CONVERSION = YES;
				CLANG_WARN_OBJC_IMPLICIT_RETAIN_SELF = YES;
				CLANG_WARN_OBJC_LITERAL_CONVERSION = YES;
				CLANG_WARN_OBJC_ROOT_CLASS = YES_ERROR;
				CLANG_WARN_QUOTED_INCLUDE_IN_FRAMEWORK_HEADER = YES;
				CLANG_WARN_RANGE_LOOP_ANALYSIS = YES;
				CLANG_WARN_STRICT_PROTOTYPES = YES;
				CLANG_WARN_SUSPICIOUS_MOVE = YES;
				CLANG_WARN_UNGUARDED_AVAILABILITY = YES_AGGRESSIVE;
				CLANG_WARN_UNREACHABLE_CODE = YES;
				CLANG_WARN__DUPLICATE_METHOD_MATCH = YES;
				COPY_PHASE_STRIP = NO;
				DEBUG_INFORMATION_FORMAT = "dwarf-with-dsym";
				ENABLE_NS_ASSERTIONS = NO;
				ENABLE_STRICT_OBJC_MSGSEND = YES;
				GCC_C_LANGUAGE_STANDARD = gnu11;
				GCC_NO_COMMON_BLOCKS = YES;
				GCC_WARN_64_TO_32_BIT_CONVERSION = YES;
				GCC_WARN_ABOUT_RETURN_TYPE = YES_ERROR;
				GCC_WARN_UNDECLARED_SELECTOR = YES;
				GCC_WARN_UNINITIALIZED_AUTOS = YES_AGGRESSIVE;
				GCC_WARN_UNUSED_FUNCTION = YES;
				GCC_WARN_UNUSED_VARIABLE = YES;
				IPHONEOS_DEPLOYMENT_TARGET = 14.5;
				MTL_ENABLE_DEBUG_INFO = NO;
				MTL_FAST_MATH = YES;
				SDKROOT = iphoneos;
				SWIFT_COMPILATION_MODE = wholemodule;
				SWIFT_OPTIMIZATION_LEVEL = "-O";
				VALIDATE_PRODUCT = YES;
			};
			name = Release;
		};
		92EC23DA26E7CE8500939495 /* Debug */ = {
			isa = XCBuildConfiguration;
			buildSettings = {
				ASSETCATALOG_COMPILER_APPICON_NAME = AppIcon;
				ASSETCATALOG_COMPILER_GLOBAL_ACCENT_COLOR_NAME = AccentColor;
				CODE_SIGN_STYLE = Automatic;
				INFOPLIST_FILE = LoginApp/App/Info.plist;
				LD_RUNPATH_SEARCH_PATHS = (
					"$(inherited)",
					"@executable_path/Frameworks",
				);
				MARKETING_VERSION = 1.1;
				PRODUCT_BUNDLE_IDENTIFIER = ru.fsbisan.LoginApp;
				PRODUCT_NAME = "$(TARGET_NAME)";
				SWIFT_VERSION = 5.0;
				TARGETED_DEVICE_FAMILY = 1;
			};
			name = Debug;
		};
		92EC23DB26E7CE8500939495 /* Release */ = {
			isa = XCBuildConfiguration;
			buildSettings = {
				ASSETCATALOG_COMPILER_APPICON_NAME = AppIcon;
				ASSETCATALOG_COMPILER_GLOBAL_ACCENT_COLOR_NAME = AccentColor;
				CODE_SIGN_STYLE = Automatic;
				INFOPLIST_FILE = LoginApp/App/Info.plist;
				LD_RUNPATH_SEARCH_PATHS = (
					"$(inherited)",
					"@executable_path/Frameworks",
				);
				MARKETING_VERSION = 1.1;
				PRODUCT_BUNDLE_IDENTIFIER = ru.fsbisan.LoginApp;
				PRODUCT_NAME = "$(TARGET_NAME)";
				SWIFT_VERSION = 5.0;
				TARGETED_DEVICE_FAMILY = 1;
			};
			name = Release;
		};
/* End XCBuildConfiguration section */

/* Begin XCConfigurationList section */
		92EC23C026E7CE8200939495 /* Build configuration list for PBXProject "LoginApp" */ = {
			isa = XCConfigurationList;
			buildConfigurations = (
				92EC23D726E7CE8500939495 /* Debug */,
				92EC23D826E7CE8500939495 /* Release */,
			);
			defaultConfigurationIsVisible = 0;
			defaultConfigurationName = Release;
		};
		92EC23D926E7CE8500939495 /* Build configuration list for PBXNativeTarget "LoginApp" */ = {
			isa = XCConfigurationList;
			buildConfigurations = (
				92EC23DA26E7CE8500939495 /* Debug */,
				92EC23DB26E7CE8500939495 /* Release */,
			);
			defaultConfigurationIsVisible = 0;
			defaultConfigurationName = Release;
		};
/* End XCConfigurationList section */
	};
	rootObject = 92EC23BD26E7CE8200939495 /* Project object */;
}
